// !$*UTF8*$!
{
	archiveVersion = 1;
	classes = {
	};
	objectVersion = 56;
	objects = {

/* Begin PBXBuildFile section */
		A12019 /* MPVFrameworkManifest.swift in Sources */ = {isa = PBXBuildFile; fileRef = B12019 /* MPVFrameworkManifest.swift */; };
		A12020 /* MPVKitProperty.swift in Sources */ = {isa = PBXBuildFile; fileRef = B12020 /* MPVKitProperty.swift */; };
		A12021 /* MPVKitMetalLayer.swift in Sources */ = {isa = PBXBuildFile; fileRef = B12021 /* MPVKitMetalLayer.swift */; };
		A12022 /* MPVKitRenderView.swift in Sources */ = {isa = PBXBuildFile; fileRef = B12022 /* MPVKitRenderView.swift */; };
		A12023 /* MPVKitRenderedPlayerCore.swift in Sources */ = {isa = PBXBuildFile; fileRef = B12023 /* MPVKitRenderedPlayerCore.swift */; };
		A12024 /* MPVRenderContextPlayerCore.swift in Sources */ = {isa = PBXBuildFile; fileRef = B12024 /* MPVRenderContextPlayerCore.swift */; };
		A12025 /* LibmpvMoltenVKPlayerCore.swift in Sources */ = {isa = PBXBuildFile; fileRef = B12025 /* LibmpvMoltenVKPlayerCore.swift */; };
		A12018 /* MPVIntegrationStatus.swift in Sources */ = {isa = PBXBuildFile; fileRef = B12018 /* MPVIntegrationStatus.swift */; };
		A12011 /* MPVBackendType.swift in Sources */ = {isa = PBXBuildFile; fileRef = B12011 /* MPVBackendType.swift */; };
		A12012 /* MPVBackend.swift in Sources */ = {isa = PBXBuildFile; fileRef = B12012 /* MPVBackend.swift */; };
		A12013 /* MPVUnavailableBackend.swift in Sources */ = {isa = PBXBuildFile; fileRef = B12013 /* MPVUnavailableBackend.swift */; };
		A12014 /* MPVKitBackend.swift in Sources */ = {isa = PBXBuildFile; fileRef = B12014 /* MPVKitBackend.swift */; };
		A12015 /* LibMPVBackend.swift in Sources */ = {isa = PBXBuildFile; fileRef = B12015 /* LibMPVBackend.swift */; };
		A12016 /* MPVBackendFactory.swift in Sources */ = {isa = PBXBuildFile; fileRef = B12016 /* MPVBackendFactory.swift */; };
		A12017 /* MPVPlayerEngine.swift in Sources */ = {isa = PBXBuildFile; fileRef = B12017 /* MPVPlayerEngine.swift */; };
		A12010 /* VLCPlayerEngine.swift in Sources */ = {isa = PBXBuildFile; fileRef = B12010 /* VLCPlayerEngine.swift */; };
		A12008 /* UnsupportedPlayerEngine.swift in Sources */ = {isa = PBXBuildFile; fileRef = B12008 /* UnsupportedPlayerEngine.swift */; };
		A12009 /* PlayerEngineController.swift in Sources */ = {isa = PBXBuildFile; fileRef = B12009 /* PlayerEngineController.swift */; };
		A12007 /* AVPlayerEngine.swift in Sources */ = {isa = PBXBuildFile; fileRef = B12007 /* AVPlayerEngine.swift */; };
		A12001 /* PlayerEngineType.swift in Sources */ = {isa = PBXBuildFile; fileRef = B12001 /* PlayerEngineType.swift */; };
		A12002 /* PlaybackRoute.swift in Sources */ = {isa = PBXBuildFile; fileRef = B12002 /* PlaybackRoute.swift */; };
		A12003 /* PlayerEngineState.swift in Sources */ = {isa = PBXBuildFile; fileRef = B12003 /* PlayerEngineState.swift */; };
		A12004 /* PlayerEngineEvent.swift in Sources */ = {isa = PBXBuildFile; fileRef = B12004 /* PlayerEngineEvent.swift */; };
		A12005 /* PlayerEngine.swift in Sources */ = {isa = PBXBuildFile; fileRef = B12005 /* PlayerEngine.swift */; };
		A12006 /* MPVPlayerEngineStub.swift in Sources */ = {isa = PBXBuildFile; fileRef = B12006 /* MPVPlayerEngineStub.swift */; };
		A10001 /* VBoxApp.swift in Sources */ = {isa = PBXBuildFile; fileRef = B10001 /* VBoxApp.swift */; };
		A10002 /* ContentView.swift in Sources */ = {isa = PBXBuildFile; fileRef = B10002 /* ContentView.swift */; };
		A10003 /* AppSettings.swift in Sources */ = {isa = PBXBuildFile; fileRef = B10003 /* AppSettings.swift */; };
		A10004 /* SpiderModels.swift in Sources */ = {isa = PBXBuildFile; fileRef = B10004 /* SpiderModels.swift */; };
		A10005 /* JSSpiderEngine.swift in Sources */ = {isa = PBXBuildFile; fileRef = B10005 /* JSSpiderEngine.swift */; };
		A10006 /* JSHTTPBridge.swift in Sources */ = {isa = PBXBuildFile; fileRef = B10006 /* JSHTTPBridge.swift */; };
		A10007 /* SpiderRepository.swift in Sources */ = {isa = PBXBuildFile; fileRef = B10007 /* SpiderRepository.swift */; };
		A10008 /* MainViews.swift in Sources */ = {isa = PBXBuildFile; fileRef = B10008 /* MainViews.swift */; };
		A10009 /* PlayerViews.swift in Sources */ = {isa = PBXBuildFile; fileRef = B10009 /* PlayerViews.swift */; };
		A10010 /* SettingsViews.swift in Sources */ = {isa = PBXBuildFile; fileRef = B10010 /* SettingsViews.swift */; };
		A10013 /* Assets.xcassets in Resources */ = {isa = PBXBuildFile; fileRef = B10013 /* Assets.xcassets */; };
		A10011 /* QJSSpiderEngine.swift in Sources */ = {isa = PBXBuildFile; fileRef = B10011 /* QJSSpiderEngine.swift */; };
		A10022 /* PlayerSubViews.swift in Sources */ = {isa = PBXBuildFile; fileRef = B10022 /* PlayerSubViews.swift */; };
		A10023 /* PlayerViewsV2.swift in Sources */ = {isa = PBXBuildFile; fileRef = B10023 /* PlayerViewsV2.swift */; };
		A10024 /* LogVarDanmakuService.swift in Sources */ = {isa = PBXBuildFile; fileRef = B10024 /* LogVarDanmakuService.swift */; };
		A10025 /* PlayerViewsV2_Extensions.swift in Sources */ = {isa = PBXBuildFile; fileRef = B10025 /* PlayerViewsV2_Extensions.swift */; };
		A10012 /* QuickJSBridge.m in Sources */ = {isa = PBXBuildFile; fileRef = B10012 /* QuickJSBridge.m */; };
		A10026 /* SubscriptionManager.swift in Sources */ = {isa = PBXBuildFile; fileRef = B10015 /* SubscriptionManager.swift */; };
		A10014 /* CloudDriveManager.swift in Sources */ = {isa = PBXBuildFile; fileRef = B10016 /* CloudDriveManager.swift */; };
		A10015 /* Assets.xcassets in Resources */ = {isa = PBXBuildFile; fileRef = B10013 /* Assets.xcassets */; };
		A10020 /* js in Resources */ = {isa = PBXBuildFile; fileRef = B10030 /* js */; };
		A10016 /* libquickjs.a in Frameworks */ = {isa = PBXBuildFile; fileRef = B10017 /* libquickjs.a */; };
		A10017 /* SpiderManager.swift in Sources */ = {isa = PBXBuildFile; fileRef = B10019 /* SpiderManager.swift */; };
		A10018 /* UpdateManager.swift in Sources */ = {isa = PBXBuildFile; fileRef = B10020 /* UpdateManager.swift */; };
		A10019 /* UpdateSheet.swift in Sources */ = {isa = PBXBuildFile; fileRef = B10021 /* UpdateSheet.swift */; };
		A10027 /* DoubanService.swift in Sources */ = {isa = PBXBuildFile; fileRef = B10026 /* DoubanService.swift */; };
		A10028 /* DoubanHomeView.swift in Sources */ = {isa = PBXBuildFile; fileRef = B10027 /* DoubanHomeView.swift */; };
		A10030 /* CategoryDetailView.swift in Sources */ = {isa = PBXBuildFile; fileRef = B10032 /* CategoryDetailView.swift */; };
		A10029 /* TokenWebView.swift in Sources */ = {isa = PBXBuildFile; fileRef = B10031 /* TokenWebView.swift */; };
		A10035 /* BaiduProxyClient.swift in Sources */ = {isa = PBXBuildFile; fileRef = B11000 /* BaiduProxyClient.swift */; };
		A10033 /* BaiduWebViewBridge.swift in Sources */ = {isa = PBXBuildFile; fileRef = B10033 /* BaiduWebViewBridge.swift */; };
		A10034 /* DoubanImageProxyServer.swift in Sources */ = {isa = PBXBuildFile; fileRef = B10034 /* DoubanImageProxyServer.swift */; };
		A10036 /* MPVKitDebugPlayerView.swift in Sources */ = {isa = PBXBuildFile; fileRef = B10036 /* MPVKitDebugPlayerView.swift */; };
		A10037 /* MPVRenderContextDebugView.swift in Sources */ = {isa = PBXBuildFile; fileRef = B10037 /* MPVRenderContextDebugView.swift */; };
		A10038 /* LibmpvMoltenVKDebugView.swift in Sources */ = {isa = PBXBuildFile; fileRef = B10038 /* LibmpvMoltenVKDebugView.swift */; };
		A10136 /* CloudDriveAuthManager.swift in Sources */ = {isa = PBXBuildFile; fileRef = B10136 /* CloudDriveAuthManager.swift */; };
		A10137 /* SpiderEngineProtocol.swift in Sources */ = {isa = PBXBuildFile; fileRef = B10137 /* SpiderEngineProtocol.swift */; };
		A10138 /* SiteDiagnostics.swift in Sources */ = {isa = PBXBuildFile; fileRef = B10138 /* SiteDiagnostics.swift */; };
		A10139 /* SiteDiagnosticsView.swift in Sources */ = {isa = PBXBuildFile; fileRef = B10139 /* SiteDiagnosticsView.swift */; };
		A10140 /* WKWebViewParser.swift in Sources */ = {isa = PBXBuildFile; fileRef = B10140 /* WKWebViewParser.swift */; };
		A10141 /* ibox_sources.json in Resources */ = {isa = PBXBuildFile; fileRef = B10141 /* ibox_sources.json */; };
		A10142 /* LiveTVView.swift in Sources */ = {isa = PBXBuildFile; fileRef = B10142 /* LiveTVView.swift */; };
		A10143 /* LiveTVService.swift in Sources */ = {isa = PBXBuildFile; fileRef = B10143 /* LiveTVService.swift */; };

/* Begin PBXFileReference section */
		B12019 /* MPVFrameworkManifest.swift */ = {isa = PBXFileReference; lastKnownFileType = sourcecode.swift; path = MPVFrameworkManifest.swift; sourceTree = "<group>"; };
		B12020 /* MPVKitProperty.swift */ = {isa = PBXFileReference; lastKnownFileType = sourcecode.swift; path = MPVKitProperty.swift; sourceTree = "<group>"; };
		B12021 /* MPVKitMetalLayer.swift */ = {isa = PBXFileReference; lastKnownFileType = sourcecode.swift; path = MPVKitMetalLayer.swift; sourceTree = "<group>"; };
		B12022 /* MPVKitRenderView.swift */ = {isa = PBXFileReference; lastKnownFileType = sourcecode.swift; path = MPVKitRenderView.swift; sourceTree = "<group>"; };
		B12023 /* MPVKitRenderedPlayerCore.swift */ = {isa = PBXFileReference; lastKnownFileType = sourcecode.swift; path = MPVKitRenderedPlayerCore.swift; sourceTree = "<group>"; };
		B12024 /* MPVRenderContextPlayerCore.swift */ = {isa = PBXFileReference; lastKnownFileType = sourcecode.swift; path = MPVRenderContextPlayerCore.swift; sourceTree = "<group>"; };
		B12025 /* LibmpvMoltenVKPlayerCore.swift */ = {isa = PBXFileReference; lastKnownFileType = sourcecode.swift; path = LibmpvMoltenVKPlayerCore.swift; sourceTree = "<group>"; };
		B12018 /* MPVIntegrationStatus.swift */ = {isa = PBXFileReference; lastKnownFileType = sourcecode.swift; path = MPVIntegrationStatus.swift; sourceTree = "<group>"; };
		B12011 /* MPVBackendType.swift */ = {isa = PBXFileReference; lastKnownFileType = sourcecode.swift; path = MPVBackendType.swift; sourceTree = "<group>"; };
		B12012 /* MPVBackend.swift */ = {isa = PBXFileReference; lastKnownFileType = sourcecode.swift; path = MPVBackend.swift; sourceTree = "<group>"; };
		B12013 /* MPVUnavailableBackend.swift */ = {isa = PBXFileReference; lastKnownFileType = sourcecode.swift; path = MPVUnavailableBackend.swift; sourceTree = "<group>"; };
		B12014 /* MPVKitBackend.swift */ = {isa = PBXFileReference; lastKnownFileType = sourcecode.swift; path = MPVKitBackend.swift; sourceTree = "<group>"; };
		B12015 /* LibMPVBackend.swift */ = {isa = PBXFileReference; lastKnownFileType = sourcecode.swift; path = LibMPVBackend.swift; sourceTree = "<group>"; };
		B12016 /* MPVBackendFactory.swift */ = {isa = PBXFileReference; lastKnownFileType = sourcecode.swift; path = MPVBackendFactory.swift; sourceTree = "<group>"; };
		B12017 /* MPVPlayerEngine.swift */ = {isa = PBXFileReference; lastKnownFileType = sourcecode.swift; path = MPVPlayerEngine.swift; sourceTree = "<group>"; };
		B12010 /* VLCPlayerEngine.swift */ = {isa = PBXFileReference; lastKnownFileType = sourcecode.swift; path = VLCPlayerEngine.swift; sourceTree = "<group>"; };
		B12008 /* UnsupportedPlayerEngine.swift */ = {isa = PBXFileReference; lastKnownFileType = sourcecode.swift; path = UnsupportedPlayerEngine.swift; sourceTree = "<group>"; };
		B12009 /* PlayerEngineController.swift */ = {isa = PBXFileReference; lastKnownFileType = sourcecode.swift; path = PlayerEngineController.swift; sourceTree = "<group>"; };
		B12007 /* AVPlayerEngine.swift */ = {isa = PBXFileReference; lastKnownFileType = sourcecode.swift; path = AVPlayerEngine.swift; sourceTree = "<group>"; };
		B12001 /* PlayerEngineType.swift */ = {isa = PBXFileReference; lastKnownFileType = sourcecode.swift; path = PlayerEngineType.swift; sourceTree = "<group>"; };
		B12002 /* PlaybackRoute.swift */ = {isa = PBXFileReference; lastKnownFileType = sourcecode.swift; path = PlaybackRoute.swift; sourceTree = "<group>"; };
		B12003 /* PlayerEngineState.swift */ = {isa = PBXFileReference; lastKnownFileType = sourcecode.swift; path = PlayerEngineState.swift; sourceTree = "<group>"; };
		B12004 /* PlayerEngineEvent.swift */ = {isa = PBXFileReference; lastKnownFileType = sourcecode.swift; path = PlayerEngineEvent.swift; sourceTree = "<group>"; };
		B12005 /* PlayerEngine.swift */ = {isa = PBXFileReference; lastKnownFileType = sourcecode.swift; path = PlayerEngine.swift; sourceTree = "<group>"; };
		B12006 /* MPVPlayerEngineStub.swift */ = {isa = PBXFileReference; lastKnownFileType = sourcecode.swift; path = MPVPlayerEngineStub.swift; sourceTree = "<group>"; };
		B10001 /* VBoxApp.swift */ = {isa = PBXFileReference; lastKnownFileType = sourcecode.swift; path = VBoxApp.swift; sourceTree = "<group>"; };
		B10002 /* ContentView.swift */ = {isa = PBXFileReference; lastKnownFileType = sourcecode.swift; path = ContentView.swift; sourceTree = "<group>"; };
		B10003 /* AppSettings.swift */ = {isa = PBXFileReference; lastKnownFileType = sourcecode.swift; path = AppSettings.swift; sourceTree = "<group>"; };
		B10004 /* SpiderModels.swift */ = {isa = PBXFileReference; lastKnownFileType = sourcecode.swift; path = SpiderModels.swift; sourceTree = "<group>"; };
		B10005 /* JSSpiderEngine.swift */ = {isa = PBXFileReference; lastKnownFileType = sourcecode.swift; path = JSSpiderEngine.swift; sourceTree = "<group>"; };
		B10006 /* JSHTTPBridge.swift */ = {isa = PBXFileReference; lastKnownFileType = sourcecode.swift; path = JSHTTPBridge.swift; sourceTree = "<group>"; };
		B10007 /* SpiderRepository.swift */ = {isa = PBXFileReference; lastKnownFileType = sourcecode.swift; path = SpiderRepository.swift; sourceTree = "<group>"; };
		B10008 /* MainViews.swift */ = {isa = PBXFileReference; lastKnownFileType = sourcecode.swift; path = MainViews.swift; sourceTree = "<group>"; };
		B10009 /* PlayerViews.swift */ = {isa = PBXFileReference; lastKnownFileType = sourcecode.swift; path = PlayerViews.swift; sourceTree = "<group>"; };
		B10010 /* SettingsViews.swift */ = {isa = PBXFileReference; lastKnownFileType = sourcecode.swift; path = SettingsViews.swift; sourceTree = "<group>"; };
		B10023 /* PlayerViewsV2.swift */ = {isa = PBXFileReference; lastKnownFileType = sourcecode.swift; path = PlayerViewsV2.swift; sourceTree = "<group>"; };
		B10024 /* LogVarDanmakuService.swift */ = {isa = PBXFileReference; lastKnownFileType = sourcecode.swift; path = LogVarDanmakuService.swift; sourceTree = "<group>"; };
		B10025 /* PlayerViewsV2_Extensions.swift */ = {isa = PBXFileReference; lastKnownFileType = sourcecode.swift; path = PlayerViewsV2_Extensions.swift; sourceTree = "<group>"; };
		B10013 /* Assets.xcassets */ = {isa = PBXFileReference; lastKnownFileType = folder.assetcatalog; path = Assets.xcassets; sourceTree = "<group>"; };
		B10030 /* js */ = {isa = PBXFileReference; lastKnownFileType = folder; path = js; sourceTree = "<group>"; };
		B10014 /* Info.plist */ = {isa = PBXFileReference; lastKnownFileType = text.plist.xml; path = Info.plist; sourceTree = "<group>"; };
		B10999 /* vbox.app */ = {isa = PBXFileReference; explicitFileType = wrapper.application; includeInIndex = 0; path = vbox.app; sourceTree = BUILT_PRODUCTS_DIR; };
		B10011 /* QJSSpiderEngine.swift */ = {isa = PBXFileReference; lastKnownFileType = sourcecode.swift; path = QJSSpiderEngine.swift; sourceTree = "<group>"; };
		B10022 /* PlayerSubViews.swift */ = {isa = PBXFileReference; lastKnownFileType = sourcecode.swift; path = PlayerSubViews.swift; sourceTree = "<group>"; };
		B10012 /* QuickJSBridge.m */ = {isa = PBXFileReference; lastKnownFileType = sourcecode.c.objc; path = QuickJSBridge.m; sourceTree = "<group>"; };
		B10015 /* SubscriptionManager.swift */ = {isa = PBXFileReference; lastKnownFileType = sourcecode.swift; path = SubscriptionManager.swift; sourceTree = "<group>"; };
		B10026 /* DoubanService.swift */ = {isa = PBXFileReference; lastKnownFileType = sourcecode.swift; path = DoubanService.swift; sourceTree = "<group>"; };
		B10027 /* DoubanHomeView.swift */ = {isa = PBXFileReference; lastKnownFileType = sourcecode.swift; path = DoubanHomeView.swift; sourceTree = "<group>"; };
		B10032 /* CategoryDetailView.swift */ = {isa = PBXFileReference; lastKnownFileType = sourcecode.swift; path = CategoryDetailView.swift; sourceTree = "<group>"; };
		B10031 /* TokenWebView.swift */ = {isa = PBXFileReference; lastKnownFileType = sourcecode.swift; path = TokenWebView.swift; sourceTree = "<group>"; };
		B10033 /* BaiduWebViewBridge.swift */ = {isa = PBXFileReference; lastKnownFileType = sourcecode.swift; path = BaiduWebViewBridge.swift; sourceTree = "<group>"; };
		B10034 /* DoubanImageProxyServer.swift */ = {isa = PBXFileReference; lastKnownFileType = sourcecode.swift; path = DoubanImageProxyServer.swift; sourceTree = "<group>"; };
		B11000 /* BaiduProxyClient.swift */ = {isa = PBXFileReference; lastKnownFileType = sourcecode.swift; path = BaiduProxyClient.swift; sourceTree = "<group>"; };
		B10036 /* MPVKitDebugPlayerView.swift */ = {isa = PBXFileReference; lastKnownFileType = sourcecode.swift; path = MPVKitDebugPlayerView.swift; sourceTree = "<group>"; };
		B10037 /* MPVRenderContextDebugView.swift */ = {isa = PBXFileReference; lastKnownFileType = sourcecode.swift; path = MPVRenderContextDebugView.swift; sourceTree = "<group>"; };
		B10038 /* LibmpvMoltenVKDebugView.swift */ = {isa = PBXFileReference; lastKnownFileType = sourcecode.swift; path = LibmpvMoltenVKDebugView.swift; sourceTree = "<group>"; };
		B10136 /* CloudDriveAuthManager.swift */ = {isa = PBXFileReference; lastKnownFileType = sourcecode.swift; path = CloudDriveAuthManager.swift; sourceTree = "<group>"; };
		B10137 /* SpiderEngineProtocol.swift */ = {isa = PBXFileReference; lastKnownFileType = sourcecode.swift; path = SpiderEngineProtocol.swift; sourceTree = "<group>"; };
		B10138 /* SiteDiagnostics.swift */ = {isa = PBXFileReference; lastKnownFileType = sourcecode.swift; path = SiteDiagnostics.swift; sourceTree = "<group>"; };
		B10139 /* SiteDiagnosticsView.swift */ = {isa = PBXFileReference; lastKnownFileType = sourcecode.swift; path = SiteDiagnosticsView.swift; sourceTree = "<group>"; };
		B10140 /* WKWebViewParser.swift */ = {isa = PBXFileReference; lastKnownFileType = sourcecode.swift; path = WKWebViewParser.swift; sourceTree = "<group>"; };
		B10141 /* ibox_sources.json */ = {isa = PBXFileReference; lastKnownFileType = text.json; path = ibox_sources.json; sourceTree = "<group>"; };
		B10142 /* LiveTVView.swift */ = {isa = PBXFileReference; lastKnownFileType = sourcecode.swift; path = LiveTVView.swift; sourceTree = "<group>"; };
		B10143 /* LiveTVService.swift */ = {isa = PBXFileReference; lastKnownFileType = sourcecode.swift; path = LiveTVService.swift; sourceTree = "<group>"; };
		B10016 /* CloudDriveManager.swift */ = {isa = PBXFileReference; lastKnownFileType = sourcecode.swift; path = CloudDriveManager.swift; sourceTree = "<group>"; };
		B10017 /* libquickjs.a */ = {isa = PBXFileReference; lastKnownFileType = archive.ar; path = libquickjs.a; sourceTree = "<group>"; };
		B13001 /* MPVKit.xcframework */ = {isa = PBXFileReference; lastKnownFileType = wrapper.xcframework; path = MPV/MPVKit.xcframework; sourceTree = "<group>"; };
		B10018 /* QuickJSBridge.h */ = {isa = PBXFileReference; lastKnownFileType = sourcecode.c.h; path = QuickJSBridge.h; sourceTree = "<group>"; };
		B10019 /* SpiderManager.swift */ = {isa = PBXFileReference; lastKnownFileType = sourcecode.swift; path = SpiderManager.swift; sourceTree = "<group>"; };
		B10020 /* UpdateManager.swift */ = {isa = PBXFileReference; lastKnownFileType = sourcecode.swift; path = UpdateManager.swift; sourceTree = "<group>"; };
		B10021 /* UpdateSheet.swift */ = {isa = PBXFileReference; lastKnownFileType = sourcecode.swift; path = UpdateSheet.swift; sourceTree = "<group>"; };
/* End PBXFileReference section */

/* Begin PBXGroup section */
		G10001 /* vbox */ = {
			isa = PBXGroup;
			children = (
				G10002 /* App */,
				G10003 /* Models */,
				G10004 /* Services */,
				G12000 /* PlayerCore */,
				G10010 /* Views */,
				G10011 /* Resources */,
				G10020 /* Libraries */,
				B10014 /* Info.plist */,
			);
			path = vbox;
			sourceTree = "<group>";
		};
		G10002 /* App */ = {
			isa = PBXGroup;
			children = (
				B10001 /* VBoxApp.swift */,
				B10002 /* ContentView.swift */,
				B10003 /* AppSettings.swift */,
			);
			path = App;
			sourceTree = "<group>";
		};
		G10003 /* Models */ = {
			isa = PBXGroup;
			children = (
				B10004 /* SpiderModels.swift */,
			);
			path = Models;
			sourceTree = "<group>";
		};
		G10004 /* Services */ = {
			isa = PBXGroup;
			children = (
				B10005 /* JSSpiderEngine.swift */,
				B10006 /* JSHTTPBridge.swift */,
				B10007 /* SpiderRepository.swift */,
				B10020 /* UpdateManager.swift */,
				B10011 /* QJSSpiderEngine.swift */,
				B10019 /* SpiderManager.swift */,
				B10015 /* SubscriptionManager.swift */,
				B10016 /* CloudDriveManager.swift */,
				B10024 /* LogVarDanmakuService.swift */,
				B10026 /* DoubanService.swift */,
				B10033 /* BaiduWebViewBridge.swift */,
				B10034 /* DoubanImageProxyServer.swift */,
				B11000 /* BaiduProxyClient.swift */,
				B10136 /* CloudDriveAuthManager.swift */,
				B10137 /* SpiderEngineProtocol.swift */,
				B10138 /* SiteDiagnostics.swift */,
				B10140 /* WKWebViewParser.swift */,
				B10143 /* LiveTVService.swift */,
			);
			path = Services;
			sourceTree = "<group>";
		};
		G10020 /* Libraries */ = {
			isa = PBXGroup;
			children = (
				B10012 /* QuickJSBridge.m */,
				B10017 /* libquickjs.a */,
				B10018 /* QuickJSBridge.h */,
				B13001 /* MPVKit.xcframework */,
			);
			path = Libraries;
			sourceTree = "<group>";
		};
		G10010 /* Views */ = {
			isa = PBXGroup;
			children = (

				B10008 /* MainViews.swift */,
				B10009 /* PlayerViews.swift */,
				B10010 /* SettingsViews.swift */,
				B10022 /* PlayerSubViews.swift */,
				B10023 /* PlayerViewsV2.swift */,
				B10025 /* PlayerViewsV2_Extensions.swift */,
				B10021 /* UpdateSheet.swift */,
				B10027 /* DoubanHomeView.swift */,
				B10032 /* CategoryDetailView.swift */,
				B10031 /* TokenWebView.swift */,
				B10036 /* MPVKitDebugPlayerView.swift */,
				B10037 /* MPVRenderContextDebugView.swift */,
				B10038 /* LibmpvMoltenVKDebugView.swift */,
				B10139 /* SiteDiagnosticsView.swift */,
				B10142 /* LiveTVView.swift */,
			);
			path = Views;
			sourceTree = "<group>";
		};

		G12000 /* PlayerCore */ = {
			isa = PBXGroup;
			children = (
				B12001 /* PlayerEngineType.swift */,
				B12002 /* PlaybackRoute.swift */,
				B12003 /* PlayerEngineState.swift */,
				B12004 /* PlayerEngineEvent.swift */,
				B12005 /* PlayerEngine.swift */,
				B12006 /* MPVPlayerEngineStub.swift */,
				B12007 /* AVPlayerEngine.swift */,
				B12008 /* UnsupportedPlayerEngine.swift */,
				B12009 /* PlayerEngineController.swift */,
				B12010 /* VLCPlayerEngine.swift */,
				B12011 /* MPVBackendType.swift */,
				B12012 /* MPVBackend.swift */,
				B12013 /* MPVUnavailableBackend.swift */,
				B12014 /* MPVKitBackend.swift */,
				B12015 /* LibMPVBackend.swift */,
				B12016 /* MPVBackendFactory.swift */,
				B12017 /* MPVPlayerEngine.swift */,
				B12018 /* MPVIntegrationStatus.swift */,
				B12019 /* MPVFrameworkManifest.swift */,
				B12020 /* MPVKitProperty.swift */,
				B12021 /* MPVKitMetalLayer.swift */,
				B12022 /* MPVKitRenderView.swift */,
				B12023 /* MPVKitRenderedPlayerCore.swift */,
				B12024 /* MPVRenderContextPlayerCore.swift */,
				B12025 /* LibmpvMoltenVKPlayerCore.swift */,
			);
			path = PlayerCore;
			sourceTree = "<group>";
		};

		G10011 /* Resources */ = {
			isa = PBXGroup;
			children = (
				B10013 /* Assets.xcassets */,
				B10030 /* js */,
				B10141 /* ibox_sources.json */,
			);
			path = Resources;
			sourceTree = "<group>";
		};
		G10999 /* Products */ = {
			isa = PBXGroup;
			children = (
				B10999 /* vbox.app */,
			);
			name = Products;
			sourceTree = "<group>";
		};
/* End PBXGroup section */

/* Begin PBXProject section */
		P10001 /* Project object */ = {
			isa = PBXProject;
			attributes = {
				BuildIndependentTargetsInParallel = 1;
				LastSwiftUpdateCheck = 1520;
				LastUpgradeCheck = 1520;
			};
			buildConfigurationList = C10001 /* Build configuration list for PBXProject "vbox" */;
			compatibilityVersion = "Xcode 14.0";
			developmentRegion = "zh-Hans";
			hasScannedForEncodings = 0;
			knownRegions = (en, "zh-Hans", Base);
			mainGroup = G10001 /* vbox */;
			productRefGroup = G10999 /* Products */;
			projectDirPath = "";
			projectRoot = "";
			targets = (T10001 /* vbox */);
		};
/* End PBXProject section */

/* Begin PBXNativeTarget section */
		T10001 /* vbox */ = {
			isa = PBXNativeTarget;
			buildConfigurationList = C10002 /* Build configuration list for PBXNativeTarget "vbox" */;
			buildPhases = (
				P20001 /* Sources */,
				P20003 /* Frameworks */,
				P20002 /* Resources */,
			);
			buildRules = ();
			dependencies = ();
			name = vbox;
			productName = vbox;
			productReference = B10999 /* vbox.app */;
			productType = "com.apple.product-type.application";
		};
/* End PBXNativeTarget section */

/* Begin PBXSourcesBuildPhase section */
		P20001 /* Sources */ = {
			isa = PBXSourcesBuildPhase;
			buildActionMask = 2147483647;
			files = (
				A12001 /* PlayerEngineType.swift in Sources */,
				A12002 /* PlaybackRoute.swift in Sources */,
				A12003 /* PlayerEngineState.swift in Sources */,
				A12004 /* PlayerEngineEvent.swift in Sources */,
				A12005 /* PlayerEngine.swift in Sources */,
				A12006 /* MPVPlayerEngineStub.swift in Sources */,
				A12007 /* AVPlayerEngine.swift in Sources */,
				A12008 /* UnsupportedPlayerEngine.swift in Sources */,
				A12009 /* PlayerEngineController.swift in Sources */,
				A12010 /* VLCPlayerEngine.swift in Sources */,
				A12011 /* MPVBackendType.swift in Sources */,
				A12012 /* MPVBackend.swift in Sources */,
				A12013 /* MPVUnavailableBackend.swift in Sources */,
				A12014 /* MPVKitBackend.swift in Sources */,
				A12015 /* LibMPVBackend.swift in Sources */,
				A12016 /* MPVBackendFactory.swift in Sources */,
				A12017 /* MPVPlayerEngine.swift in Sources */,
				A12018 /* MPVIntegrationStatus.swift in Sources */,
				A12019 /* MPVFrameworkManifest.swift in Sources */,
				A12020 /* MPVKitProperty.swift in Sources */,
				A12021 /* MPVKitMetalLayer.swift in Sources */,
				A12022 /* MPVKitRenderView.swift in Sources */,
				A12023 /* MPVKitRenderedPlayerCore.swift in Sources */,
				A12024 /* MPVRenderContextPlayerCore.swift in Sources */,
				A12025 /* LibmpvMoltenVKPlayerCore.swift in Sources */,
				A10001 /* VBoxApp.swift in Sources */,
				A10002 /* ContentView.swift in Sources */,
				A10003 /* AppSettings.swift in Sources */,
				A10004 /* SpiderModels.swift in Sources */,
				A10005 /* JSSpiderEngine.swift in Sources */,
				A10006 /* JSHTTPBridge.swift in Sources */,
				A10007 /* SpiderRepository.swift in Sources */,
				A10008 /* MainViews.swift in Sources */,
				A10009 /* PlayerViews.swift in Sources */,
				A10010 /* SettingsViews.swift in Sources */,
				A10011 /* QJSSpiderEngine.swift in Sources */,
				A10012 /* QuickJSBridge.m in Sources */,
				A10026 /* SubscriptionManager.swift in Sources */,
				A10014 /* CloudDriveManager.swift in Sources */,
				A10017 /* SpiderManager.swift in Sources */,
				A10019 /* UpdateSheet.swift in Sources */,
				A10018 /* UpdateManager.swift in Sources */,
				A10022 /* PlayerSubViews.swift in Sources */,
				A10023 /* PlayerViewsV2.swift in Sources */,
				A10024 /* LogVarDanmakuService.swift in Sources */,
				A10025 /* PlayerViewsV2_Extensions.swift in Sources */,
				A10027 /* DoubanService.swift in Sources */,
				A10028 /* DoubanHomeView.swift in Sources */,
				A10030 /* CategoryDetailView.swift in Sources */,
				A10029 /* TokenWebView.swift in Sources */,
				A10033 /* BaiduWebViewBridge.swift in Sources */,
				A10034 /* DoubanImageProxyServer.swift in Sources */,
				A10035 /* BaiduProxyClient.swift in Sources */,
				A10036 /* MPVKitDebugPlayerView.swift in Sources */,
				A10037 /* MPVRenderContextDebugView.swift in Sources */,
				A10038 /* LibmpvMoltenVKDebugView.swift in Sources */,
				A10136 /* CloudDriveAuthManager.swift in Sources */,
				A10137 /* SpiderEngineProtocol.swift in Sources */,
				A10138 /* SiteDiagnostics.swift in Sources */,
				A10139 /* SiteDiagnosticsView.swift in Sources */,
				A10140 /* WKWebViewParser.swift in Sources */,
				A10142 /* LiveTVView.swift in Sources */,
				A10143 /* LiveTVService.swift in Sources */,
			);
			runOnlyForDeploymentPostprocessing = 0;
		};
/* End PBXSourcesBuildPhase section */

/* Begin PBXFrameworksBuildPhase section */
		P20003 /* Frameworks */ = {
			isa = PBXFrameworksBuildPhase;
			buildActionMask = 2147483647;
			files = (
				A10016 /* libquickjs.a in Frameworks */,
			);
			runOnlyForDeploymentPostprocessing = 0;
		};
/* End PBXFrameworksBuildPhase section */

/* Begin PBXResourcesBuildPhase section */
		P20002 /* Resources */ = {
			isa = PBXResourcesBuildPhase;
			buildActionMask = 2147483647;
			files = (
				A10013 /* Assets.xcassets in Resources */,
				A10020 /* js in Resources */,
				A10141 /* ibox_sources.json in Resources */,
			);
			runOnlyForDeploymentPostprocessing = 0;
		};
/* End PBXResourcesBuildPhase section */

/* Begin XCBuildConfiguration section */
		D10001 /* Debug */ = {
			isa = XCBuildConfiguration;
			buildSettings = {
				ALWAYS_SEARCH_USER_PATHS = NO;
				ASSETCATALOG_COMPILER_GENERATE_SWIFT_ASSET_SYMBOL_EXTENSIONS = NO;
				CLANG_ANALYZER_NONNULL = YES;
				CLANG_CXX_LANGUAGE_STANDARD = "gnu++20";
				CLANG_ENABLE_MODULES = YES;
				CLANG_ENABLE_OBJC_ARC = YES;
				COPY_PHASE_STRIP = NO;
				DEBUG_INFORMATION_FORMAT = dwarf;
				ENABLE_STRICT_OBJC_MSGSEND = YES;
				ENABLE_TESTABILITY = YES;
				GCC_DYNAMIC_NO_PIC = NO;
				GCC_OPTIMIZATION_LEVEL = 0;
				GCC_PREPROCESSOR_DEFINITIONS = ("DEBUG=1", "$(inherited)");
				IPHONEOS_DEPLOYMENT_TARGET = 16.0;
				MTL_ENABLE_DEBUG_INFO = INCLUDE_SOURCE;
				ONLY_ACTIVE_ARCH = YES;
				SDKROOT = iphoneos;
				SWIFT_ACTIVE_COMPILATION_CONDITIONS = DEBUG;
				SWIFT_OPTIMIZATION_LEVEL = "-Onone";
			};
			name = Debug;
		};
		D10002 /* Release */ = {
			isa = XCBuildConfiguration;
			buildSettings = {
				ALWAYS_SEARCH_USER_PATHS = NO;
				ASSETCATALOG_COMPILER_GENERATE_SWIFT_ASSET_SYMBOL_EXTENSIONS = NO;
				CLANG_ANALYZER_NONNULL = YES;
				CLANG_CXX_LANGUAGE_STANDARD = "gnu++20";
				CLANG_ENABLE_MODULES = YES;
				CLANG_ENABLE_OBJC_ARC = YES;
				COPY_PHASE_STRIP = NO;
				DEBUG_INFORMATION_FORMAT = "dwarf-with-dsym";
				ENABLE_NS_ASSERTIONS = NO;
				ENABLE_STRICT_OBJC_MSGSEND = YES;
				GCC_OPTIMIZATION_LEVEL = s;
				IPHONEOS_DEPLOYMENT_TARGET = 16.0;
				MTL_ENABLE_DEBUG_INFO = NO;
				SDKROOT = iphoneos;
				SWIFT_COMPILATION_MODE = wholemodule;
				SWIFT_OPTIMIZATION_LEVEL = "-O";
				VALIDATE_PRODUCT = YES;
			};
			name = Release;
		};
			D10003 /* Debug */ = {
				isa = XCBuildConfiguration;
				buildSettings = {
					ASSETCATALOG_COMPILER_APPICON_NAME = AppIcon;
					CODE_SIGN_IDENTITY = "Apple Development";
					CODE_SIGN_STYLE = Automatic;
					CURRENT_PROJECT_VERSION = 309;
					GENERATE_INFOPLIST_FILE = YES;
					FRAMEWORK_SEARCH_PATHS = ("$(inherited)", "$(SRCROOT)/vbox/Libraries/MPV", "$(SRCROOT)/vbox/Libraries/MPV/MPVKitDependencies");
					HEADER_SEARCH_PATHS = ("$(inherited)", "$(SRCROOT)/vbox/Libraries");
					INFOPLIST_FILE = vbox/Info.plist;
					INFOPLIST_KEY_CFBundleDisplayName = vbox;
					INFOPLIST_KEY_UIApplicationSceneManifest_GENERATION = YES;
					INFOPLIST_KEY_UIApplicationSupportsIndirectInputEvents = YES;
					INFOPLIST_KEY_UILaunchScreen_GENERATION = YES;
					INFOPLIST_KEY_UISupportedInterfaceOrientations_iPad = "UIInterfaceOrientationPortrait UIInterfaceOrientationLandscapeLeft UIInterfaceOrientationRight UIInterfaceOrientationPortraitUpsideDown";
					INFOPLIST_KEY_UISupportedInterfaceOrientations_iPhone = "UIInterfaceOrientationPortrait UIInterfaceOrientationLandscapeLeft UIInterfaceOrientationRight";
					LD_RUNPATH_SEARCH_PATHS = ("$(inherited)", "@executable_path/Frameworks");
					LIBRARY_SEARCH_PATHS = ("$(inherited)", "$(SRCROOT)/vbox/Libraries");
					MARKETING_VERSION = 3.309;
					OTHER_LDFLAGS = ("-lquickjs", "-lobjc", "-framework", "Foundation");
					PRODUCT_BUNDLE_IDENTIFIER = com.vbox.iosplayer;
					PRODUCT_NAME = "$(TARGET_NAME)";
					SWIFT_EMIT_LOC_STRINGS = YES;
					SWIFT_OBJC_BRIDGING_HEADER = "vbox/vbox-Bridging-Header.h";
					SWIFT_VERSION = 5.0;
					TARGETED_DEVICE_FAMILY = "1,2";
				};
				name = Debug;
			};
			D10004 /* Release */ = {
				isa = XCBuildConfiguration;
				buildSettings = {
					ASSETCATALOG_COMPILER_APPICON_NAME = "";
					CODE_SIGN_IDENTITY = "";
					CODE_SIGN_STYLE = Manual;
					CURRENT_PROJECT_VERSION = 309;
					GENERATE_INFOPLIST_FILE = YES;
					FRAMEWORK_SEARCH_PATHS = ("$(inherited)", "$(SRCROOT)/vbox/Libraries/MPV", "$(SRCROOT)/vbox/Libraries/MPV/MPVKitDependencies");
					HEADER_SEARCH_PATHS = ("$(inherited)", "$(SRCROOT)/vbox/Libraries");
					INFOPLIST_FILE = vbox/Info.plist;
					INFOPLIST_KEY_CFBundleDisplayName = vbox;
					INFOPLIST_KEY_UIApplicationSceneManifest_GENERATION = YES;
					INFOPLIST_KEY_UIApplicationSupportsIndirectInputEvents = YES;
					INFOPLIST_KEY_UILaunchScreen_GENERATION = YES;
					INFOPLIST_KEY_UISupportedInterfaceOrientations_iPad = "UIInterfaceOrientationPortrait UIInterfaceOrientationLandscapeLeft UIInterfaceOrientationRight UIInterfaceOrientationPortraitUpsideDown";
					INFOPLIST_KEY_UISupportedInterfaceOrientations_iPhone = "UIInterfaceOrientationPortrait UIInterfaceOrientationLandscapeLeft UIInterfaceOrientationRight";
					LD_RUNPATH_SEARCH_PATHS = ("$(inherited)", "@executable_path/Frameworks");
					LIBRARY_SEARCH_PATHS = ("$(inherited)", "$(SRCROOT)/vbox/Libraries");
					MARKETING_VERSION = 3.309;
					OTHER_LDFLAGS = ("-lquickjs", "-lobjc", "-framework", "Foundation");
					PRODUCT_BUNDLE_IDENTIFIER = com.vbox.iosplayer;
					PRODUCT_NAME = "$(TARGET_NAME)";
					SWIFT_EMIT_LOC_STRINGS = YES;
					SWIFT_OBJC_BRIDGING_HEADER = "vbox/vbox-Bridging-Header.h";
					SWIFT_VERSION = 5.0;
					TARGETED_DEVICE_FAMILY = "1,2";
				};
				name = Release;
			};
/* End XCBuildConfiguration section */

/* Begin XCConfigurationList section */
		C10001 /* Build configuration list for PBXProject "vbox" */ = {
			isa = XCConfigurationList;
			buildConfigurations = (D10001 /* Debug */, D10002 /* Release */);
			defaultConfigurationIsVisible = 0;
			defaultConfigurationName = Release;
		};
		C10002 /* Build configuration list for PBXNativeTarget "vbox" */ = {
			isa = XCConfigurationList;
			buildConfigurations = (D10003 /* Debug */, D10004 /* Release */);
			defaultConfigurationIsVisible = 0;
			defaultConfigurationName = Release;
		};
/* End XCConfigurationList section */

	};
	rootObject = P10001 /* Project object */;
}
